
Microsoft Visual Studio Solution File, Format Version 12.00
# Visual Studio 14
VisualStudioVersion = 14.0.25420.1
MinimumVisualStudioVersion = 10.0.40219.1
Project("{FAE04EC0-301F-11D3-BF4B-00C04F79EFBC}") = "EmotionPlatzi.web", "EmotionPlatzi.web\EmotionPlatzi.web.csproj", "{8639E62E-AAB7-43A1-BDFE-C6AAA9E708AC}"
EndProject
Project("{2150E333-8FDC-42A3-9474-1A3956D46DE8}") = "NewFolder1", "NewFolder1", "{A4AEA3C6-6591-4ABC-904F-FB40049116ED}"
EndProject
Global
	GlobalSection(SolutionConfigurationPlatforms) = preSolution
		Debug|Any CPU = Debug|Any CPU
		Release|Any CPU = Release|Any CPU
	EndGlobalSection
	GlobalSection(ProjectConfigurationPlatforms) = postSolution
		{8639E62E-AAB7-43A1-BDFE-C6AAA9E708AC}.Debug|Any CPU.ActiveCfg = Debug|Any CPU
		{8639E62E-AAB7-43A1-BDFE-C6AAA9E708AC}.Debug|Any CPU.Build.0 = Debug|Any CPU
		{8639E62E-AAB7-43A1-BDFE-C6AAA9E708AC}.Release|Any CPU.ActiveCfg = Release|Any CPU
		{8639E62E-AAB7-43A1-BDFE-C6AAA9E708AC}.Release|Any CPU.Build.0 = Release|Any CPU
	EndGlobalSection
	GlobalSection(SolutionProperties) = preSolution
		HideSolutionNode = FALSE
	EndGlobalSection
EndGlobal
